
Microsoft Visual Studio Solution File, Format Version 12.00
# Visual Studio Version 16
VisualStudioVersion = 16.0.30114.105
MinimumVisualStudioVersion = 10.0.40219.1
Project("{FAE04EC0-301F-11D3-BF4B-00C04F79EFBC}") = "FrameworkTest", "FrameworkTest\FrameworkTest.csproj", "{BCD1416B-C394-43EE-9976-653AD7CB470D}"
EndProject
Global
	GlobalSection(SolutionConfigurationPlatforms) = preSolution
		Debug|Any CPU = Debug|Any CPU
		Release|Any CPU = Release|Any CPU
	EndGlobalSection
	GlobalSection(ProjectConfigurationPlatforms) = postSolution
		{BCD1416B-C394-43EE-9976-653AD7CB470D}.Debug|Any CPU.ActiveCfg = Debug|Any CPU
		{BCD1416B-C394-43EE-9976-653AD7CB470D}.Debug|Any CPU.Build.0 = Debug|Any CPU
		{BCD1416B-C394-43EE-9976-653AD7CB470D}.Release|Any CPU.ActiveCfg = Release|Any CPU
		{BCD1416B-C394-43EE-9976-653AD7CB470D}.Release|Any CPU.Build.0 = Release|Any CPU
	EndGlobalSection
	GlobalSection(SolutionProperties) = preSolution
		HideSolutionNode = FALSE
	EndGlobalSection
	GlobalSection(ExtensibilityGlobals) = postSolution
		SolutionGuid = {F058BFC6-0C75-40FA-B50B-427351876710}
	EndGlobalSection
EndGlobal
